
Microsoft Visual Studio Solution File, Format Version 12.00
# Visual Studio Version 17
VisualStudioVersion = 17.4.33205.214
MinimumVisualStudioVersion = 10.0.40219.1
Project("{9A19103F-16F7-4668-BE54-9A1E7A4F7556}") = "Inventary", "Inventary\Inventary.csproj", "{46B94BC2-43AF-4FCB-BCDB-9A1D850BF087}"
EndProject
Global
	GlobalSection(SolutionConfigurationPlatforms) = preSolution
		Debug|Any CPU = Debug|Any CPU
		Release|Any CPU = Release|Any CPU
	EndGlobalSection
	GlobalSection(ProjectConfigurationPlatforms) = postSolution
		{46B94BC2-43AF-4FCB-BCDB-9A1D850BF087}.Debug|Any CPU.ActiveCfg = Debug|Any CPU
		{46B94BC2-43AF-4FCB-BCDB-9A1D850BF087}.Debug|Any CPU.Build.0 = Debug|Any CPU
		{46B94BC2-43AF-4FCB-BCDB-9A1D850BF087}.Release|Any CPU.ActiveCfg = Release|Any CPU
		{46B94BC2-43AF-4FCB-BCDB-9A1D850BF087}.Release|Any CPU.Build.0 = Release|Any CPU
	EndGlobalSection
	GlobalSection(SolutionProperties) = preSolution
		HideSolutionNode = FALSE
	EndGlobalSection
	GlobalSection(ExtensibilityGlobals) = postSolution
		SolutionGuid = {BE935A77-BA14-4977-8EC7-F36BEBA8788B}
	EndGlobalSection
EndGlobal
